version = 1
revision = 3
requires-python = ">=3.14"

[[package]]
name = "click"
version = "8.3.1"
source = { registry = "https://pypi.org/simple" }
dependencies = [
    { name = "colorama", marker = "sys_platform == 'win32'" },
]
sdist = { url = "https://files.pythonhosted.org/packages/3d/fa/656b739db8587d7b5dfa22e22ed02566950fbfbcdc20311993483657a5c0/click-8.3.1.tar.gz", hash = "sha256:12ff4785d337a1bb490bb7e9c2b1ee5da3112e94a8622f26a6c77f5d2fc6842a", size = 295065, upload-time = "2025-11-15T20:45:42.706Z" }
wheels = [
    { url = "https://files.pythonhosted.org/packages/98/78/01c019cdb5d6498122777c1a43056ebb3ebfeef2076d9d026bfe15583b2b/click-8.3.1-py3-none-any.whl", hash = "sha256:981153a64e25f12d547d3426c367a4857371575ee7ad18df2a6183ab0545b2a6", size = 108274, upload-time = "2025-11-15T20:45:41.139Z" },
]

[[package]]
name = "colorama"
version = "0.4.6"
source = { registry = "https://pypi.org/simple" }
sdist = { url = "https://files.pythonhosted.org/packages/d8/53/6f443c9a4a8358a93a6792e2acffb9d9d5cb0a5cfd8802644b7b1c9a02e4/colorama-0.4.6.tar.gz", hash = "sha256:08695f5cb7ed6e0531a20572697297273c47b8cae5a63ffc6d6ed5c201be6e44", size = 27697, upload-time = "2022-10-25T02:36:22.414Z" }
wheels = [
    { url = "https://files.pythonhosted.org/packages/d1/d6/3965ed04c63042e047cb6a3e6ed1a63a35087b6a609aa3a15ed8ac56c221/colorama-0.4.6-py2.py3-none-any.whl", hash = "sha256:4f1d9991f5acc0ca119f9d443620b77f9d6b33703e51011c16baf57afb285fc6", size = 25335, upload-time = "2022-10-25T02:36:20.889Z" },
]

[[package]]
name = "dungeon-os"
version = "0.1.0"
source = { editable = "." }
dependencies = [
    { name = "click" },
    { name = "pyparsing" },
    { name = "rapidfuzz" },
    { name = "roll-cli" },
]

[package.metadata]
requires-dist = [
    { name = "click", specifier = ">=8.3.1" },
    { name = "pyparsing", specifier = ">=3.3.2" },
    { name = "rapidfuzz", specifier = ">=3.0.0" },
    { name = "roll-cli", specifier = ">=2.0.0" },
]

[[package]]
name = "pyparsing"
version = "3.3.2"
source = { registry = "https://pypi.org/simple" }
sdist = { url = "https://files.pythonhosted.org/packages/f3/91/9c6ee907786a473bf81c5f53cf703ba0957b23ab84c264080fb5a450416f/pyparsing-3.3.2.tar.gz", hash = "sha256:c777f4d763f140633dcb6d8a3eda953bf7a214dc4eff598413c070bcdc117cbc", size = 6851574, upload-time = "2026-01-21T03:57:59.36Z" }
wheels = [
    { url = "https://files.pythonhosted.org/packages/10/bd/c038d7cc38edc1aa5bf91ab8068b63d4308c66c4c8bb3cbba7dfbc049f9c/pyparsing-3.3.2-py3-none-any.whl", hash = "sha256:850ba148bd908d7e2411587e247a1e4f0327839c40e2e5e6d05a007ecc69911d", size = 122781, upload-time = "2026-01-21T03:57:55.912Z" },
]

[[package]]
name = "rapidfuzz"
version = "3.14.3"
source = { registry = "https://pypi.org/simple" }
sdist = { url = "https://files.pythonhosted.org/packages/d3/28/9d808fe62375b9aab5ba92fa9b29371297b067c2790b2d7cda648b1e2f8d/rapidfuzz-3.14.3.tar.gz", hash = "sha256:2491937177868bc4b1e469087601d53f925e8d270ccc21e07404b4b5814b7b5f", size = 57863900, upload-time = "2025-11-01T11:54:52.321Z" }
wheels = [
    { url = "https://files.pythonhosted.org/packages/32/6f/1b88aaeade83abc5418788f9e6b01efefcd1a69d65ded37d89cd1662be41/rapidfuzz-3.14.3-cp314-cp314-macosx_10_15_x86_64.whl", hash = "sha256:442125473b247227d3f2de807a11da6c08ccf536572d1be943f8e262bae7e4ea", size = 1942086, upload-time = "2025-11-01T11:54:02.592Z" },
    { url = "https://files.pythonhosted.org/packages/a0/2c/b23861347436cb10f46c2bd425489ec462790faaa360a54a7ede5f78de88/rapidfuzz-3.14.3-cp314-cp314-macosx_11_0_arm64.whl", hash = "sha256:1ec0c8c0c3d4f97ced46b2e191e883f8c82dbbf6d5ebc1842366d7eff13cd5a6", size = 1386993, upload-time = "2025-11-01T11:54:04.12Z" },
    { url = "https://files.pythonhosted.org/packages/83/86/5d72e2c060aa1fbdc1f7362d938f6b237dff91f5b9fc5dd7cc297e112250/rapidfuzz-3.14.3-cp314-cp314-manylinux_2_26_aarch64.manylinux_2_28_aarch64.whl", hash = "sha256:2dc37bc20272f388b8c3a4eba4febc6e77e50a8f450c472def4751e7678f55e4", size = 1379126, upload-time = "2025-11-01T11:54:05.777Z" },
    { url = "https://files.pythonhosted.org/packages/c9/bc/ef2cee3e4d8b3fc22705ff519f0d487eecc756abdc7c25d53686689d6cf2/rapidfuzz-3.14.3-cp314-cp314-manylinux_2_27_x86_64.manylinux_2_28_x86_64.whl", hash = "sha256:dee362e7e79bae940a5e2b3f6d09c6554db6a4e301cc68343886c08be99844f1", size = 3159304, upload-time = "2025-11-01T11:54:07.351Z" },
    { url = "https://files.pythonhosted.org/packages/a0/36/dc5f2f62bbc7bc90be1f75eeaf49ed9502094bb19290dfb4747317b17f12/rapidfuzz-3.14.3-cp314-cp314-manylinux_2_31_armv7l.whl", hash = "sha256:4b39921df948388a863f0e267edf2c36302983459b021ab928d4b801cbe6a421", size = 1218207, upload-time = "2025-11-01T11:54:09.641Z" },
    { url = "https://files.pythonhosted.org/packages/df/7e/8f4be75c1bc62f47edf2bbbe2370ee482fae655ebcc4718ac3827ead3904/rapidfuzz-3.14.3-cp314-cp314-musllinux_1_2_aarch64.whl", hash = "sha256:beda6aa9bc44d1d81242e7b291b446be352d3451f8217fcb068fc2933927d53b", size = 2401245, upload-time = "2025-11-01T11:54:11.543Z" },
    { url = "https://files.pythonhosted.org/packages/05/38/f7c92759e1bb188dd05b80d11c630ba59b8d7856657baf454ff56059c2ab/rapidfuzz-3.14.3-cp314-cp314-musllinux_1_2_armv7l.whl", hash = "sha256:6a014ba09657abfcfeed64b7d09407acb29af436d7fc075b23a298a7e4a6b41c", size = 2518308, upload-time = "2025-11-01T11:54:13.134Z" },
    { url = "https://files.pythonhosted.org/packages/c7/ac/85820f70fed5ecb5f1d9a55f1e1e2090ef62985ef41db289b5ac5ec56e28/rapidfuzz-3.14.3-cp314-cp314-musllinux_1_2_x86_64.whl", hash = "sha256:32eeafa3abce138bb725550c0e228fc7eaeec7059aa8093d9cbbec2b58c2371a", size = 4265011, upload-time = "2025-11-01T11:54:15.087Z" },
    { url = "https://files.pythonhosted.org/packages/46/a9/616930721ea9835c918af7cde22bff17f9db3639b0c1a7f96684be7f5630/rapidfuzz-3.14.3-cp314-cp314-win32.whl", hash = "sha256:adb44d996fc610c7da8c5048775b21db60dd63b1548f078e95858c05c86876a3", size = 1742245, upload-time = "2025-11-01T11:54:17.19Z" },
    { url = "https://files.pythonhosted.org/packages/06/8a/f2fa5e9635b1ccafda4accf0e38246003f69982d7c81f2faa150014525a4/rapidfuzz-3.14.3-cp314-cp314-win_amd64.whl", hash = "sha256:f3d15d8527e2b293e38ce6e437631af0708df29eafd7c9fc48210854c94472f9", size = 1584856, upload-time = "2025-11-01T11:54:18.764Z" },
    { url = "https://files.pythonhosted.org/packages/ef/97/09e20663917678a6d60d8e0e29796db175b1165e2079830430342d5298be/rapidfuzz-3.14.3-cp314-cp314-win_arm64.whl", hash = "sha256:576e4b9012a67e0bf54fccb69a7b6c94d4e86a9540a62f1a5144977359133583", size = 833490, upload-time = "2025-11-01T11:54:20.753Z" },
    { url = "https://files.pythonhosted.org/packages/03/1b/6b6084576ba87bf21877c77218a0c97ba98cb285b0c02eaaee3acd7c4513/rapidfuzz-3.14.3-cp314-cp314t-macosx_10_15_x86_64.whl", hash = "sha256:cec3c0da88562727dd5a5a364bd9efeb535400ff0bfb1443156dd139a1dd7b50", size = 1968658, upload-time = "2025-11-01T11:54:22.25Z" },
    { url = "https://files.pythonhosted.org/packages/38/c0/fb02a0db80d95704b0a6469cc394e8c38501abf7e1c0b2afe3261d1510c2/rapidfuzz-3.14.3-cp314-cp314t-macosx_11_0_arm64.whl", hash = "sha256:d1fa009f8b1100e4880868137e7bf0501422898f7674f2adcd85d5a67f041296", size = 1410742, upload-time = "2025-11-01T11:54:23.863Z" },
    { url = "https://files.pythonhosted.org/packages/a4/72/3fbf12819fc6afc8ec75a45204013b40979d068971e535a7f3512b05e765/rapidfuzz-3.14.3-cp314-cp314t-manylinux_2_26_aarch64.manylinux_2_28_aarch64.whl", hash = "sha256:1b86daa7419b5e8b180690efd1fdbac43ff19230803282521c5b5a9c83977655", size = 1382810, upload-time = "2025-11-01T11:54:25.571Z" },
    { url = "https://files.pythonhosted.org/packages/0f/18/0f1991d59bb7eee28922a00f79d83eafa8c7bfb4e8edebf4af2a160e7196/rapidfuzz-3.14.3-cp314-cp314t-manylinux_2_27_x86_64.manylinux_2_28_x86_64.whl", hash = "sha256:c7bd1816db05d6c5ffb3a4df0a2b7b56fb8c81ef584d08e37058afa217da91b1", size = 3166349, upload-time = "2025-11-01T11:54:27.195Z" },
    { url = "https://files.pythonhosted.org/packages/0d/f0/baa958b1989c8f88c78bbb329e969440cf330b5a01a982669986495bb980/rapidfuzz-3.14.3-cp314-cp314t-manylinux_2_31_armv7l.whl", hash = "sha256:33da4bbaf44e9755b0ce192597f3bde7372fe2e381ab305f41b707a95ac57aa7", size = 1214994, upload-time = "2025-11-01T11:54:28.821Z" },
    { url = "https://files.pythonhosted.org/packages/e4/a0/cd12ec71f9b2519a3954febc5740291cceabc64c87bc6433afcb36259f3b/rapidfuzz-3.14.3-cp314-cp314t-musllinux_1_2_aarch64.whl", hash = "sha256:3fecce764cf5a991ee2195a844196da840aba72029b2612f95ac68a8b74946bf", size = 2403919, upload-time = "2025-11-01T11:54:30.393Z" },
    { url = "https://files.pythonhosted.org/packages/0b/ce/019bd2176c1644098eced4f0595cb4b3ef52e4941ac9a5854f209d0a6e16/rapidfuzz-3.14.3-cp314-cp314t-musllinux_1_2_armv7l.whl", hash = "sha256:ecd7453e02cf072258c3a6b8e930230d789d5d46cc849503729f9ce475d0e785", size = 2508346, upload-time = "2025-11-01T11:54:32.048Z" },
    { url = "https://files.pythonhosted.org/packages/23/f8/be16c68e2c9e6c4f23e8f4adbb7bccc9483200087ed28ff76c5312da9b14/rapidfuzz-3.14.3-cp314-cp314t-musllinux_1_2_x86_64.whl", hash = "sha256:ea188aa00e9bcae8c8411f006a5f2f06c4607a02f24eab0d8dc58566aa911f35", size = 4274105, upload-time = "2025-11-01T11:54:33.701Z" },
    { url = "https://files.pythonhosted.org/packages/a1/d1/5ab148e03f7e6ec8cd220ccf7af74d3aaa4de26dd96df58936beb7cba820/rapidfuzz-3.14.3-cp314-cp314t-win32.whl", hash = "sha256:7ccbf68100c170e9a0581accbe9291850936711548c6688ce3bfb897b8c589ad", size = 1793465, upload-time = "2025-11-01T11:54:35.331Z" },
    { url = "https://files.pythonhosted.org/packages/cd/97/433b2d98e97abd9fff1c470a109b311669f44cdec8d0d5aa250aceaed1fb/rapidfuzz-3.14.3-cp314-cp314t-win_amd64.whl", hash = "sha256:9ec02e62ae765a318d6de38df609c57fc6dacc65c0ed1fd489036834fd8a620c", size = 1623491, upload-time = "2025-11-01T11:54:38.085Z" },
    { url = "https://files.pythonhosted.org/packages/e2/f6/e2176eb94f94892441bce3ddc514c179facb65db245e7ce3356965595b19/rapidfuzz-3.14.3-cp314-cp314t-win_arm64.whl", hash = "sha256:e805e52322ae29aa945baf7168b6c898120fbc16d2b8f940b658a5e9e3999253", size = 851487, upload-time = "2025-11-01T11:54:40.176Z" },
]

[[package]]
name = "roll-cli"
version = "2.0.0"
source = { registry = "https://pypi.org/simple" }
dependencies = [
    { name = "click" },
    { name = "pyparsing" },
]
sdist = { url = "https://files.pythonhosted.org/packages/08/7d/a3edd9b66a9d7a619f7f8c052087f995687f7b5a92083912420aa8f6d907/roll-cli-2.0.0.tar.gz", hash = "sha256:603a2f143c92f21bcdabb75e0d0329d93bf7810535e293413565717efefe1f3b", size = 36388, upload-time = "2022-05-04T07:15:19.308Z" }
wheels = [
    { url = "https://files.pythonhosted.org/packages/98/22/c276b31e73a3c55505136c3653be57e37992ef9bc18ce6cf0886dd8363b1/roll_cli-2.0.0-py3-none-any.whl", hash = "sha256:a7801e4d1579aa0ebc398c53e1a1b34ce98c6f5cdea50584f5ce985685b66951", size = 39001, upload-time = "2022-05-04T07:15:18.018Z" },
]
